
Microsoft Visual Studio Solution File, Format Version 12.00
# Visual Studio 15
VisualStudioVersion = 15.0.28307.489
MinimumVisualStudioVersion = 10.0.40219.1
Project("{9A19103F-16F7-4668-BE54-9A1E7A4F7556}") = "language-transfer", "language-transfer.csproj", "{EFB3057C-47F4-478B-8738-AD1359C57C90}"
EndProject
Global
	GlobalSection(SolutionConfigurationPlatforms) = preSolution
		Debug|Any CPU = Debug|Any CPU
		Release|Any CPU = Release|Any CPU
	EndGlobalSection
	GlobalSection(ProjectConfigurationPlatforms) = postSolution
		{EFB3057C-47F4-478B-8738-AD1359C57C90}.Debug|Any CPU.ActiveCfg = Debug|Any CPU
		{EFB3057C-47F4-478B-8738-AD1359C57C90}.Debug|Any CPU.Build.0 = Debug|Any CPU
		{EFB3057C-47F4-478B-8738-AD1359C57C90}.Release|Any CPU.ActiveCfg = Release|Any CPU
		{EFB3057C-47F4-478B-8738-AD1359C57C90}.Release|Any CPU.Build.0 = Release|Any CPU
	EndGlobalSection
	GlobalSection(SolutionProperties) = preSolution
		HideSolutionNode = FALSE
	EndGlobalSection
	GlobalSection(ExtensibilityGlobals) = postSolution
		SolutionGuid = {5CE32E0D-EBD6-41BE-AA17-8AFD1231DD28}
	EndGlobalSection
EndGlobal
